
Microsoft Visual Studio Solution File, Format Version 12.00
# Visual Studio 2013
VisualStudioVersion = 12.0.31101.0
MinimumVisualStudioVersion = 10.0.40219.1
Project("{FAE04EC0-301F-11D3-BF4B-00C04F79EFBC}") = "CallingJavascriptSample", "CallingJavascriptSample\CallingJavascriptSample\CallingJavascriptSample.csproj", "{26F4094B-E721-4865-B1B0-7DEFF53F5FB8}"
EndProject
Project("{FAE04EC0-301F-11D3-BF4B-00C04F79EFBC}") = "CallingJavascriptSample.iOS", "CallingJavascriptSample\CallingJavascriptSample.iOS\CallingJavascriptSample.iOS.csproj", "{E8B67EB5-A949-4DED-8DCB-FD80A17094C7}"
EndProject
Project("{FAE04EC0-301F-11D3-BF4B-00C04F79EFBC}") = "CallingJavascriptSample.Droid", "CallingJavascriptSample\CallingJavascriptSample.Droid\CallingJavascriptSample.Droid.csproj", "{53865FCE-5978-4753-8EC2-C5D8E0B45056}"
EndProject
Project("{FAE04EC0-301F-11D3-BF4B-00C04F79EFBC}") = "CallingJavascriptSample.WinPhone", "CallingJavascriptSample\CallingJavascriptSample.WinPhone\CallingJavascriptSample.WinPhone.csproj", "{C3928462-2C7B-44B3-B28C-484BA39F6CCC}"
EndProject
Global
	GlobalSection(SolutionConfigurationPlatforms) = preSolution
		Ad-Hoc|Any CPU = Ad-Hoc|Any CPU
		Ad-Hoc|ARM = Ad-Hoc|ARM
		Ad-Hoc|iPhone = Ad-Hoc|iPhone
		Ad-Hoc|iPhoneSimulator = Ad-Hoc|iPhoneSimulator
		Ad-Hoc|Mixed Platforms = Ad-Hoc|Mixed Platforms
		Ad-Hoc|x86 = Ad-Hoc|x86
		AppStore|Any CPU = AppStore|Any CPU
		AppStore|ARM = AppStore|ARM
		AppStore|iPhone = AppStore|iPhone
		AppStore|iPhoneSimulator = AppStore|iPhoneSimulator
		AppStore|Mixed Platforms = AppStore|Mixed Platforms
		AppStore|x86 = AppStore|x86
		Debug|Any CPU = Debug|Any CPU
		Debug|ARM = Debug|ARM
		Debug|iPhone = Debug|iPhone
		Debug|iPhoneSimulator = Debug|iPhoneSimulator
		Debug|Mixed Platforms = Debug|Mixed Platforms
		Debug|x86 = Debug|x86
		Release|Any CPU = Release|Any CPU
		Release|ARM = Release|ARM
		Release|iPhone = Release|iPhone
		Release|iPhoneSimulator = Release|iPhoneSimulator
		Release|Mixed Platforms = Release|Mixed Platforms
		Release|x86 = Release|x86
	EndGlobalSection
	GlobalSection(ProjectConfigurationPlatforms) = postSolution
		{26F4094B-E721-4865-B1B0-7DEFF53F5FB8}.Ad-Hoc|Any CPU.ActiveCfg = Release|Any CPU
		{26F4094B-E721-4865-B1B0-7DEFF53F5FB8}.Ad-Hoc|Any CPU.Build.0 = Release|Any CPU
		{26F4094B-E721-4865-B1B0-7DEFF53F5FB8}.Ad-Hoc|ARM.ActiveCfg = Release|Any CPU
		{26F4094B-E721-4865-B1B0-7DEFF53F5FB8}.Ad-Hoc|iPhone.ActiveCfg = Release|Any CPU
		{26F4094B-E721-4865-B1B0-7DEFF53F5FB8}.Ad-Hoc|iPhoneSimulator.ActiveCfg = Release|Any CPU
		{26F4094B-E721-4865-B1B0-7DEFF53F5FB8}.Ad-Hoc|Mixed Platforms.ActiveCfg = Release|Any CPU
		{26F4094B-E721-4865-B1B0-7DEFF53F5FB8}.Ad-Hoc|Mixed Platforms.Build.0 = Release|Any CPU
		{26F4094B-E721-4865-B1B0-7DEFF53F5FB8}.Ad-Hoc|x86.ActiveCfg = Release|Any CPU
		{26F4094B-E721-4865-B1B0-7DEFF53F5FB8}.AppStore|Any CPU.ActiveCfg = Release|Any CPU
		{26F4094B-E721-4865-B1B0-7DEFF53F5FB8}.AppStore|Any CPU.Build.0 = Release|Any CPU
		{26F4094B-E721-4865-B1B0-7DEFF53F5FB8}.AppStore|ARM.ActiveCfg = Release|Any CPU
		{26F4094B-E721-4865-B1B0-7DEFF53F5FB8}.AppStore|iPhone.ActiveCfg = Release|Any CPU
		{26F4094B-E721-4865-B1B0-7DEFF53F5FB8}.AppStore|iPhoneSimulator.ActiveCfg = Release|Any CPU
		{26F4094B-E721-4865-B1B0-7DEFF53F5FB8}.AppStore|Mixed Platforms.ActiveCfg = Release|Any CPU
		{26F4094B-E721-4865-B1B0-7DEFF53F5FB8}.AppStore|Mixed Platforms.Build.0 = Release|Any CPU
		{26F4094B-E721-4865-B1B0-7DEFF53F5FB8}.AppStore|x86.ActiveCfg = Release|Any CPU
		{26F4094B-E721-4865-B1B0-7DEFF53F5FB8}.Debug|Any CPU.ActiveCfg = Debug|Any CPU
		{26F4094B-E721-4865-B1B0-7DEFF53F5FB8}.Debug|Any CPU.Build.0 = Debug|Any CPU
		{26F4094B-E721-4865-B1B0-7DEFF53F5FB8}.Debug|ARM.ActiveCfg = Debug|Any CPU
		{26F4094B-E721-4865-B1B0-7DEFF53F5FB8}.Debug|iPhone.ActiveCfg = Debug|Any CPU
		{26F4094B-E721-4865-B1B0-7DEFF53F5FB8}.Debug|iPhoneSimulator.ActiveCfg = Debug|Any CPU
		{26F4094B-E721-4865-B1B0-7DEFF53F5FB8}.Debug|iPhoneSimulator.Build.0 = Debug|Any CPU
		{26F4094B-E721-4865-B1B0-7DEFF53F5FB8}.Debug|Mixed Platforms.ActiveCfg = Debug|Any CPU
		{26F4094B-E721-4865-B1B0-7DEFF53F5FB8}.Debug|Mixed Platforms.Build.0 = Debug|Any CPU
		{26F4094B-E721-4865-B1B0-7DEFF53F5FB8}.Debug|x86.ActiveCfg = Debug|Any CPU
		{26F4094B-E721-4865-B1B0-7DEFF53F5FB8}.Release|Any CPU.ActiveCfg = Release|Any CPU
		{26F4094B-E721-4865-B1B0-7DEFF53F5FB8}.Release|Any CPU.Build.0 = Release|Any CPU
		{26F4094B-E721-4865-B1B0-7DEFF53F5FB8}.Release|ARM.ActiveCfg = Release|Any CPU
		{26F4094B-E721-4865-B1B0-7DEFF53F5FB8}.Release|iPhone.ActiveCfg = Release|Any CPU
		{26F4094B-E721-4865-B1B0-7DEFF53F5FB8}.Release|iPhoneSimulator.ActiveCfg = Release|Any CPU
		{26F4094B-E721-4865-B1B0-7DEFF53F5FB8}.Release|Mixed Platforms.ActiveCfg = Release|Any CPU
		{26F4094B-E721-4865-B1B0-7DEFF53F5FB8}.Release|Mixed Platforms.Build.0 = Release|Any CPU
		{26F4094B-E721-4865-B1B0-7DEFF53F5FB8}.Release|x86.ActiveCfg = Release|Any CPU
		{E8B67EB5-A949-4DED-8DCB-FD80A17094C7}.Ad-Hoc|Any CPU.ActiveCfg = Ad-Hoc|iPhone
		{E8B67EB5-A949-4DED-8DCB-FD80A17094C7}.Ad-Hoc|ARM.ActiveCfg = Ad-Hoc|iPhone
		{E8B67EB5-A949-4DED-8DCB-FD80A17094C7}.Ad-Hoc|iPhone.ActiveCfg = Ad-Hoc|iPhone
		{E8B67EB5-A949-4DED-8DCB-FD80A17094C7}.Ad-Hoc|iPhone.Build.0 = Ad-Hoc|iPhone
		{E8B67EB5-A949-4DED-8DCB-FD80A17094C7}.Ad-Hoc|iPhoneSimulator.ActiveCfg = Ad-Hoc|iPhoneSimulator
		{E8B67EB5-A949-4DED-8DCB-FD80A17094C7}.Ad-Hoc|iPhoneSimulator.Build.0 = Ad-Hoc|iPhoneSimulator
		{E8B67EB5-A949-4DED-8DCB-FD80A17094C7}.Ad-Hoc|Mixed Platforms.ActiveCfg = Ad-Hoc|iPhone
		{E8B67EB5-A949-4DED-8DCB-FD80A17094C7}.Ad-Hoc|Mixed Platforms.Build.0 = Ad-Hoc|iPhone
		{E8B67EB5-A949-4DED-8DCB-FD80A17094C7}.Ad-Hoc|x86.ActiveCfg = Ad-Hoc|iPhone
		{E8B67EB5-A949-4DED-8DCB-FD80A17094C7}.AppStore|Any CPU.ActiveCfg = AppStore|iPhone
		{E8B67EB5-A949-4DED-8DCB-FD80A17094C7}.AppStore|ARM.ActiveCfg = AppStore|iPhone
		{E8B67EB5-A949-4DED-8DCB-FD80A17094C7}.AppStore|iPhone.ActiveCfg = AppStore|iPhone
		{E8B67EB5-A949-4DED-8DCB-FD80A17094C7}.AppStore|iPhone.Build.0 = AppStore|iPhone
		{E8B67EB5-A949-4DED-8DCB-FD80A17094C7}.AppStore|iPhoneSimulator.ActiveCfg = AppStore|iPhoneSimulator
		{E8B67EB5-A949-4DED-8DCB-FD80A17094C7}.AppStore|iPhoneSimulator.Build.0 = AppStore|iPhoneSimulator
		{E8B67EB5-A949-4DED-8DCB-FD80A17094C7}.AppStore|Mixed Platforms.ActiveCfg = AppStore|iPhone
		{E8B67EB5-A949-4DED-8DCB-FD80A17094C7}.AppStore|Mixed Platforms.Build.0 = AppStore|iPhone
		{E8B67EB5-A949-4DED-8DCB-FD80A17094C7}.AppStore|x86.ActiveCfg = AppStore|iPhone
		{E8B67EB5-A949-4DED-8DCB-FD80A17094C7}.Debug|Any CPU.ActiveCfg = Debug|iPhone
		{E8B67EB5-A949-4DED-8DCB-FD80A17094C7}.Debug|ARM.ActiveCfg = Debug|iPhone
		{E8B67EB5-A949-4DED-8DCB-FD80A17094C7}.Debug|iPhone.ActiveCfg = Debug|iPhone
		{E8B67EB5-A949-4DED-8DCB-FD80A17094C7}.Debug|iPhone.Build.0 = Debug|iPhone
		{E8B67EB5-A949-4DED-8DCB-FD80A17094C7}.Debug|iPhoneSimulator.ActiveCfg = Debug|iPhoneSimulator
		{E8B67EB5-A949-4DED-8DCB-FD80A17094C7}.Debug|iPhoneSimulator.Build.0 = Debug|iPhoneSimulator
		{E8B67EB5-A949-4DED-8DCB-FD80A17094C7}.Debug|Mixed Platforms.ActiveCfg = Debug|iPhone
		{E8B67EB5-A949-4DED-8DCB-FD80A17094C7}.Debug|Mixed Platforms.Build.0 = Debug|iPhone
		{E8B67EB5-A949-4DED-8DCB-FD80A17094C7}.Debug|x86.ActiveCfg = Debug|iPhone
		{E8B67EB5-A949-4DED-8DCB-FD80A17094C7}.Release|Any CPU.ActiveCfg = Release|iPhone
		{E8B67EB5-A949-4DED-8DCB-FD80A17094C7}.Release|ARM.ActiveCfg = Release|iPhone
		{E8B67EB5-A949-4DED-8DCB-FD80A17094C7}.Release|iPhone.ActiveCfg = Release|iPhone
		{E8B67EB5-A949-4DED-8DCB-FD80A17094C7}.Release|iPhone.Build.0 = Release|iPhone
		{E8B67EB5-A949-4DED-8DCB-FD80A17094C7}.Release|iPhoneSimulator.ActiveCfg = Release|iPhoneSimulator
		{E8B67EB5-A949-4DED-8DCB-FD80A17094C7}.Release|iPhoneSimulator.Build.0 = Release|iPhoneSimulator
		{E8B67EB5-A949-4DED-8DCB-FD80A17094C7}.Release|Mixed Platforms.ActiveCfg = Release|iPhone
		{E8B67EB5-A949-4DED-8DCB-FD80A17094C7}.Release|Mixed Platforms.Build.0 = Release|iPhone
		{E8B67EB5-A949-4DED-8DCB-FD80A17094C7}.Release|x86.ActiveCfg = Release|iPhone
		{53865FCE-5978-4753-8EC2-C5D8E0B45056}.Ad-Hoc|Any CPU.ActiveCfg = Release|Any CPU
		{53865FCE-5978-4753-8EC2-C5D8E0B45056}.Ad-Hoc|Any CPU.Build.0 = Release|Any CPU
		{53865FCE-5978-4753-8EC2-C5D8E0B45056}.Ad-Hoc|Any CPU.Deploy.0 = Release|Any CPU
		{53865FCE-5978-4753-8EC2-C5D8E0B45056}.Ad-Hoc|ARM.ActiveCfg = Release|Any CPU
		{53865FCE-5978-4753-8EC2-C5D8E0B45056}.Ad-Hoc|iPhone.ActiveCfg = Release|Any CPU
		{53865FCE-5978-4753-8EC2-C5D8E0B45056}.Ad-Hoc|iPhoneSimulator.ActiveCfg = Release|Any CPU
		{53865FCE-5978-4753-8EC2-C5D8E0B45056}.Ad-Hoc|Mixed Platforms.ActiveCfg = Release|Any CPU
		{53865FCE-5978-4753-8EC2-C5D8E0B45056}.Ad-Hoc|Mixed Platforms.Build.0 = Release|Any CPU
		{53865FCE-5978-4753-8EC2-C5D8E0B45056}.Ad-Hoc|Mixed Platforms.Deploy.0 = Release|Any CPU
		{53865FCE-5978-4753-8EC2-C5D8E0B45056}.Ad-Hoc|x86.ActiveCfg = Release|Any CPU
		{53865FCE-5978-4753-8EC2-C5D8E0B45056}.AppStore|Any CPU.ActiveCfg = Release|Any CPU
		{53865FCE-5978-4753-8EC2-C5D8E0B45056}.AppStore|Any CPU.Build.0 = Release|Any CPU
		{53865FCE-5978-4753-8EC2-C5D8E0B45056}.AppStore|Any CPU.Deploy.0 = Release|Any CPU
		{53865FCE-5978-4753-8EC2-C5D8E0B45056}.AppStore|ARM.ActiveCfg = Release|Any CPU
		{53865FCE-5978-4753-8EC2-C5D8E0B45056}.AppStore|iPhone.ActiveCfg = Release|Any CPU
		{53865FCE-5978-4753-8EC2-C5D8E0B45056}.AppStore|iPhoneSimulator.ActiveCfg = Release|Any CPU
		{53865FCE-5978-4753-8EC2-C5D8E0B45056}.AppStore|Mixed Platforms.ActiveCfg = Release|Any CPU
		{53865FCE-5978-4753-8EC2-C5D8E0B45056}.AppStore|Mixed Platforms.Build.0 = Release|Any CPU
		{53865FCE-5978-4753-8EC2-C5D8E0B45056}.AppStore|Mixed Platforms.Deploy.0 = Release|Any CPU
		{53865FCE-5978-4753-8EC2-C5D8E0B45056}.AppStore|x86.ActiveCfg = Release|Any CPU
		{53865FCE-5978-4753-8EC2-C5D8E0B45056}.Debug|Any CPU.ActiveCfg = Debug|Any CPU
		{53865FCE-5978-4753-8EC2-C5D8E0B45056}.Debug|Any CPU.Build.0 = Debug|Any CPU
		{53865FCE-5978-4753-8EC2-C5D8E0B45056}.Debug|Any CPU.Deploy.0 = Debug|Any CPU
		{53865FCE-5978-4753-8EC2-C5D8E0B45056}.Debug|ARM.ActiveCfg = Debug|Any CPU
		{53865FCE-5978-4753-8EC2-C5D8E0B45056}.Debug|iPhone.ActiveCfg = Debug|Any CPU
		{53865FCE-5978-4753-8EC2-C5D8E0B45056}.Debug|iPhoneSimulator.ActiveCfg = Debug|Any CPU
		{53865FCE-5978-4753-8EC2-C5D8E0B45056}.Debug|Mixed Platforms.ActiveCfg = Debug|Any CPU
		{53865FCE-5978-4753-8EC2-C5D8E0B45056}.Debug|Mixed Platforms.Build.0 = Debug|Any CPU
		{53865FCE-5978-4753-8EC2-C5D8E0B45056}.Debug|Mixed Platforms.Deploy.0 = Debug|Any CPU
		{53865FCE-5978-4753-8EC2-C5D8E0B45056}.Debug|x86.ActiveCfg = Debug|Any CPU
		{53865FCE-5978-4753-8EC2-C5D8E0B45056}.Release|Any CPU.ActiveCfg = Release|Any CPU
		{53865FCE-5978-4753-8EC2-C5D8E0B45056}.Release|Any CPU.Build.0 = Release|Any CPU
		{53865FCE-5978-4753-8EC2-C5D8E0B45056}.Release|Any CPU.Deploy.0 = Release|Any CPU
		{53865FCE-5978-4753-8EC2-C5D8E0B45056}.Release|ARM.ActiveCfg = Release|Any CPU
		{53865FCE-5978-4753-8EC2-C5D8E0B45056}.Release|iPhone.ActiveCfg = Release|Any CPU
		{53865FCE-5978-4753-8EC2-C5D8E0B45056}.Release|iPhoneSimulator.ActiveCfg = Release|Any CPU
		{53865FCE-5978-4753-8EC2-C5D8E0B45056}.Release|Mixed Platforms.ActiveCfg = Release|Any CPU
		{53865FCE-5978-4753-8EC2-C5D8E0B45056}.Release|Mixed Platforms.Build.0 = Release|Any CPU
		{53865FCE-5978-4753-8EC2-C5D8E0B45056}.Release|Mixed Platforms.Deploy.0 = Release|Any CPU
		{53865FCE-5978-4753-8EC2-C5D8E0B45056}.Release|x86.ActiveCfg = Release|Any CPU
		{C3928462-2C7B-44B3-B28C-484BA39F6CCC}.Ad-Hoc|Any CPU.ActiveCfg = Release|Any CPU
		{C3928462-2C7B-44B3-B28C-484BA39F6CCC}.Ad-Hoc|Any CPU.Build.0 = Release|Any CPU
		{C3928462-2C7B-44B3-B28C-484BA39F6CCC}.Ad-Hoc|Any CPU.Deploy.0 = Release|Any CPU
		{C3928462-2C7B-44B3-B28C-484BA39F6CCC}.Ad-Hoc|ARM.ActiveCfg = Release|ARM
		{C3928462-2C7B-44B3-B28C-484BA39F6CCC}.Ad-Hoc|ARM.Build.0 = Release|ARM
		{C3928462-2C7B-44B3-B28C-484BA39F6CCC}.Ad-Hoc|ARM.Deploy.0 = Release|ARM
		{C3928462-2C7B-44B3-B28C-484BA39F6CCC}.Ad-Hoc|iPhone.ActiveCfg = Release|Any CPU
		{C3928462-2C7B-44B3-B28C-484BA39F6CCC}.Ad-Hoc|iPhoneSimulator.ActiveCfg = Release|Any CPU
		{C3928462-2C7B-44B3-B28C-484BA39F6CCC}.Ad-Hoc|Mixed Platforms.ActiveCfg = Release|x86
		{C3928462-2C7B-44B3-B28C-484BA39F6CCC}.Ad-Hoc|Mixed Platforms.Build.0 = Release|x86
		{C3928462-2C7B-44B3-B28C-484BA39F6CCC}.Ad-Hoc|Mixed Platforms.Deploy.0 = Release|x86
		{C3928462-2C7B-44B3-B28C-484BA39F6CCC}.Ad-Hoc|x86.ActiveCfg = Release|x86
		{C3928462-2C7B-44B3-B28C-484BA39F6CCC}.Ad-Hoc|x86.Build.0 = Release|x86
		{C3928462-2C7B-44B3-B28C-484BA39F6CCC}.Ad-Hoc|x86.Deploy.0 = Release|x86
		{C3928462-2C7B-44B3-B28C-484BA39F6CCC}.AppStore|Any CPU.ActiveCfg = Release|Any CPU
		{C3928462-2C7B-44B3-B28C-484BA39F6CCC}.AppStore|Any CPU.Build.0 = Release|Any CPU
		{C3928462-2C7B-44B3-B28C-484BA39F6CCC}.AppStore|Any CPU.Deploy.0 = Release|Any CPU
		{C3928462-2C7B-44B3-B28C-484BA39F6CCC}.AppStore|ARM.ActiveCfg = Release|ARM
		{C3928462-2C7B-44B3-B28C-484BA39F6CCC}.AppStore|ARM.Build.0 = Release|ARM
		{C3928462-2C7B-44B3-B28C-484BA39F6CCC}.AppStore|ARM.Deploy.0 = Release|ARM
		{C3928462-2C7B-44B3-B28C-484BA39F6CCC}.AppStore|iPhone.ActiveCfg = Release|Any CPU
		{C3928462-2C7B-44B3-B28C-484BA39F6CCC}.AppStore|iPhoneSimulator.ActiveCfg = Release|Any CPU
		{C3928462-2C7B-44B3-B28C-484BA39F6CCC}.AppStore|Mixed Platforms.ActiveCfg = Release|x86
		{C3928462-2C7B-44B3-B28C-484BA39F6CCC}.AppStore|Mixed Platforms.Build.0 = Release|x86
		{C3928462-2C7B-44B3-B28C-484BA39F6CCC}.AppStore|Mixed Platforms.Deploy.0 = Release|x86
		{C3928462-2C7B-44B3-B28C-484BA39F6CCC}.AppStore|x86.ActiveCfg = Release|x86
		{C3928462-2C7B-44B3-B28C-484BA39F6CCC}.AppStore|x86.Build.0 = Release|x86
		{C3928462-2C7B-44B3-B28C-484BA39F6CCC}.AppStore|x86.Deploy.0 = Release|x86
		{C3928462-2C7B-44B3-B28C-484BA39F6CCC}.Debug|Any CPU.ActiveCfg = Debug|Any CPU
		{C3928462-2C7B-44B3-B28C-484BA39F6CCC}.Debug|Any CPU.Build.0 = Debug|Any CPU
		{C3928462-2C7B-44B3-B28C-484BA39F6CCC}.Debug|Any CPU.Deploy.0 = Debug|Any CPU
		{C3928462-2C7B-44B3-B28C-484BA39F6CCC}.Debug|ARM.ActiveCfg = Debug|ARM
		{C3928462-2C7B-44B3-B28C-484BA39F6CCC}.Debug|ARM.Build.0 = Debug|ARM
		{C3928462-2C7B-44B3-B28C-484BA39F6CCC}.Debug|ARM.Deploy.0 = Debug|ARM
		{C3928462-2C7B-44B3-B28C-484BA39F6CCC}.Debug|iPhone.ActiveCfg = Debug|Any CPU
		{C3928462-2C7B-44B3-B28C-484BA39F6CCC}.Debug|iPhoneSimulator.ActiveCfg = Debug|Any CPU
		{C3928462-2C7B-44B3-B28C-484BA39F6CCC}.Debug|Mixed Platforms.ActiveCfg = Debug|x86
		{C3928462-2C7B-44B3-B28C-484BA39F6CCC}.Debug|Mixed Platforms.Build.0 = Debug|x86
		{C3928462-2C7B-44B3-B28C-484BA39F6CCC}.Debug|Mixed Platforms.Deploy.0 = Debug|x86
		{C3928462-2C7B-44B3-B28C-484BA39F6CCC}.Debug|x86.ActiveCfg = Debug|x86
		{C3928462-2C7B-44B3-B28C-484BA39F6CCC}.Debug|x86.Build.0 = Debug|x86
		{C3928462-2C7B-44B3-B28C-484BA39F6CCC}.Debug|x86.Deploy.0 = Debug|x86
		{C3928462-2C7B-44B3-B28C-484BA39F6CCC}.Release|Any CPU.ActiveCfg = Release|Any CPU
		{C3928462-2C7B-44B3-B28C-484BA39F6CCC}.Release|Any CPU.Build.0 = Release|Any CPU
		{C3928462-2C7B-44B3-B28C-484BA39F6CCC}.Release|Any CPU.Deploy.0 = Release|Any CPU
		{C3928462-2C7B-44B3-B28C-484BA39F6CCC}.Release|ARM.ActiveCfg = Release|ARM
		{C3928462-2C7B-44B3-B28C-484BA39F6CCC}.Release|ARM.Build.0 = Release|ARM
		{C3928462-2C7B-44B3-B28C-484BA39F6CCC}.Release|ARM.Deploy.0 = Release|ARM
		{C3928462-2C7B-44B3-B28C-484BA39F6CCC}.Release|iPhone.ActiveCfg = Release|Any CPU
		{C3928462-2C7B-44B3-B28C-484BA39F6CCC}.Release|iPhoneSimulator.ActiveCfg = Release|Any CPU
		{C3928462-2C7B-44B3-B28C-484BA39F6CCC}.Release|Mixed Platforms.ActiveCfg = Release|x86
		{C3928462-2C7B-44B3-B28C-484BA39F6CCC}.Release|Mixed Platforms.Build.0 = Release|x86
		{C3928462-2C7B-44B3-B28C-484BA39F6CCC}.Release|Mixed Platforms.Deploy.0 = Release|x86
		{C3928462-2C7B-44B3-B28C-484BA39F6CCC}.Release|x86.ActiveCfg = Release|x86
		{C3928462-2C7B-44B3-B28C-484BA39F6CCC}.Release|x86.Build.0 = Release|x86
		{C3928462-2C7B-44B3-B28C-484BA39F6CCC}.Release|x86.Deploy.0 = Release|x86
	EndGlobalSection
	GlobalSection(SolutionProperties) = preSolution
		HideSolutionNode = FALSE
	EndGlobalSection
EndGlobal
