
Microsoft Visual Studio Solution File, Format Version 12.00
# Visual Studio 2012
Project("{FAE04EC0-301F-11D3-BF4B-00C04F79EFBC}") = "Xamarin.Forms.CallingJavascriptSample", "Xamarin.Forms.CallingJavascriptSample\Xamarin.Forms.CallingJavascriptSample.csproj", "{14850457-AFAB-4593-ABAE-4CB8E438FF40}"
EndProject
Project("{FAE04EC0-301F-11D3-BF4B-00C04F79EFBC}") = "Xamarin.Forms.CallingJavascriptSample.iOS", "iOS\Xamarin.Forms.CallingJavascriptSample.iOS.csproj", "{148760C2-A132-4DE4-89E1-F41369195818}"
EndProject
Project("{FAE04EC0-301F-11D3-BF4B-00C04F79EFBC}") = "Xamarin.Forms.CallingJavascriptSample.Droid", "Droid\Xamarin.Forms.CallingJavascriptSample.Droid.csproj", "{3A261B92-5F6F-4AC0-9C70-067505FAF21B}"
EndProject
Global
	GlobalSection(SolutionConfigurationPlatforms) = preSolution
		Debug|Any CPU = Debug|Any CPU
		Release|Any CPU = Release|Any CPU
		Debug|iPhoneSimulator = Debug|iPhoneSimulator
		Release|iPhone = Release|iPhone
		Release|iPhoneSimulator = Release|iPhoneSimulator
		Debug|iPhone = Debug|iPhone
	EndGlobalSection
	GlobalSection(ProjectConfigurationPlatforms) = postSolution
		{14850457-AFAB-4593-ABAE-4CB8E438FF40}.Debug|Any CPU.ActiveCfg = Debug|Any CPU
		{14850457-AFAB-4593-ABAE-4CB8E438FF40}.Debug|Any CPU.Build.0 = Debug|Any CPU
		{14850457-AFAB-4593-ABAE-4CB8E438FF40}.Debug|iPhone.ActiveCfg = Debug|Any CPU
		{14850457-AFAB-4593-ABAE-4CB8E438FF40}.Debug|iPhone.Build.0 = Debug|Any CPU
		{14850457-AFAB-4593-ABAE-4CB8E438FF40}.Debug|iPhoneSimulator.ActiveCfg = Debug|Any CPU
		{14850457-AFAB-4593-ABAE-4CB8E438FF40}.Debug|iPhoneSimulator.Build.0 = Debug|Any CPU
		{14850457-AFAB-4593-ABAE-4CB8E438FF40}.Release|Any CPU.ActiveCfg = Release|Any CPU
		{14850457-AFAB-4593-ABAE-4CB8E438FF40}.Release|Any CPU.Build.0 = Release|Any CPU
		{14850457-AFAB-4593-ABAE-4CB8E438FF40}.Release|iPhone.ActiveCfg = Release|Any CPU
		{14850457-AFAB-4593-ABAE-4CB8E438FF40}.Release|iPhone.Build.0 = Release|Any CPU
		{14850457-AFAB-4593-ABAE-4CB8E438FF40}.Release|iPhoneSimulator.ActiveCfg = Release|Any CPU
		{14850457-AFAB-4593-ABAE-4CB8E438FF40}.Release|iPhoneSimulator.Build.0 = Release|Any CPU
		{148760C2-A132-4DE4-89E1-F41369195818}.Debug|Any CPU.ActiveCfg = Debug|iPhoneSimulator
		{148760C2-A132-4DE4-89E1-F41369195818}.Debug|Any CPU.Build.0 = Debug|iPhoneSimulator
		{148760C2-A132-4DE4-89E1-F41369195818}.Debug|iPhone.ActiveCfg = Debug|iPhone
		{148760C2-A132-4DE4-89E1-F41369195818}.Debug|iPhone.Build.0 = Debug|iPhone
		{148760C2-A132-4DE4-89E1-F41369195818}.Debug|iPhoneSimulator.ActiveCfg = Debug|iPhoneSimulator
		{148760C2-A132-4DE4-89E1-F41369195818}.Debug|iPhoneSimulator.Build.0 = Debug|iPhoneSimulator
		{148760C2-A132-4DE4-89E1-F41369195818}.Release|Any CPU.ActiveCfg = Release|iPhone
		{148760C2-A132-4DE4-89E1-F41369195818}.Release|Any CPU.Build.0 = Release|iPhone
		{148760C2-A132-4DE4-89E1-F41369195818}.Release|iPhone.ActiveCfg = Release|iPhone
		{148760C2-A132-4DE4-89E1-F41369195818}.Release|iPhone.Build.0 = Release|iPhone
		{148760C2-A132-4DE4-89E1-F41369195818}.Release|iPhoneSimulator.ActiveCfg = Release|iPhoneSimulator
		{148760C2-A132-4DE4-89E1-F41369195818}.Release|iPhoneSimulator.Build.0 = Release|iPhoneSimulator
		{3A261B92-5F6F-4AC0-9C70-067505FAF21B}.Debug|Any CPU.ActiveCfg = Debug|Any CPU
		{3A261B92-5F6F-4AC0-9C70-067505FAF21B}.Debug|Any CPU.Build.0 = Debug|Any CPU
		{3A261B92-5F6F-4AC0-9C70-067505FAF21B}.Debug|iPhone.ActiveCfg = Debug|Any CPU
		{3A261B92-5F6F-4AC0-9C70-067505FAF21B}.Debug|iPhone.Build.0 = Debug|Any CPU
		{3A261B92-5F6F-4AC0-9C70-067505FAF21B}.Debug|iPhoneSimulator.ActiveCfg = Debug|Any CPU
		{3A261B92-5F6F-4AC0-9C70-067505FAF21B}.Debug|iPhoneSimulator.Build.0 = Debug|Any CPU
		{3A261B92-5F6F-4AC0-9C70-067505FAF21B}.Release|Any CPU.ActiveCfg = Release|Any CPU
		{3A261B92-5F6F-4AC0-9C70-067505FAF21B}.Release|Any CPU.Build.0 = Release|Any CPU
		{3A261B92-5F6F-4AC0-9C70-067505FAF21B}.Release|iPhone.ActiveCfg = Release|Any CPU
		{3A261B92-5F6F-4AC0-9C70-067505FAF21B}.Release|iPhone.Build.0 = Release|Any CPU
		{3A261B92-5F6F-4AC0-9C70-067505FAF21B}.Release|iPhoneSimulator.ActiveCfg = Release|Any CPU
		{3A261B92-5F6F-4AC0-9C70-067505FAF21B}.Release|iPhoneSimulator.Build.0 = Release|Any CPU
	EndGlobalSection
EndGlobal
